// !$*UTF8*$!
{
	archiveVersion = 1;
	classes = {
	};
	objectVersion = 50;
	objects = {

/* Begin PBXBuildFile section */
		D4C3FB7F21FA91C600CC3691 /* BlogTableViewCell.m in Sources */ = {isa = PBXBuildFile; fileRef = D4C3FB7D21FA91C600CC3691 /* BlogTableViewCell.m */; };
		D4C3FB8021FA91C600CC3691 /* BlogTableViewCell.xib in Resources */ = {isa = PBXBuildFile; fileRef = D4C3FB7E21FA91C600CC3691 /* BlogTableViewCell.xib */; };
		D4C3FB8321FA940100CC3691 /* TableViewCellHelper.m in Sources */ = {isa = PBXBuildFile; fileRef = D4C3FB8221FA940100CC3691 /* TableViewCellHelper.m */; };
		D4F4998921F997D0004CEAF2 /* AppDelegate.m in Sources */ = {isa = PBXBuildFile; fileRef = D4F4998821F997D0004CEAF2 /* AppDelegate.m */; };
		D4F4998C21F997D0004CEAF2 /* ViewController.m in Sources */ = {isa = PBXBuildFile; fileRef = D4F4998B21F997D0004CEAF2 /* ViewController.m */; };
		D4F4998F21F997D0004CEAF2 /* Main.storyboard in Resources */ = {isa = PBXBuildFile; fileRef = D4F4998D21F997D0004CEAF2 /* Main.storyboard */; };
		D4F4999121F997D2004CEAF2 /* Assets.xcassets in Resources */ = {isa = PBXBuildFile; fileRef = D4F4999021F997D2004CEAF2 /* Assets.xcassets */; };
		D4F4999421F997D2004CEAF2 /* LaunchScreen.storyboard in Resources */ = {isa = PBXBuildFile; fileRef = D4F4999221F997D2004CEAF2 /* LaunchScreen.storyboard */; };
		D4F4999721F997D2004CEAF2 /* main.m in Sources */ = {isa = PBXBuildFile; fileRef = D4F4999621F997D2004CEAF2 /* main.m */; };
		D4F4999F21F9B398004CEAF2 /* BlogTableViewHelper.m in Sources */ = {isa = PBXBuildFile; fileRef = D4F4999E21F9B398004CEAF2 /* BlogTableViewHelper.m */; };
		D4F499A221F9B5AE004CEAF2 /* UserApiManager.m in Sources */ = {isa = PBXBuildFile; fileRef = D4F499A121F9B5AE004CEAF2 /* UserApiManager.m */; };
/* End PBXBuildFile section */

/* Begin PBXFileReference section */
		D4C3FB7C21FA91C600CC3691 /* BlogTableViewCell.h */ = {isa = PBXFileReference; lastKnownFileType = sourcecode.c.h; path = BlogTableViewCell.h; sourceTree = "<group>"; };
		D4C3FB7D21FA91C600CC3691 /* BlogTableViewCell.m */ = {isa = PBXFileReference; lastKnownFileType = sourcecode.c.objc; path = BlogTableViewCell.m; sourceTree = "<group>"; };
		D4C3FB7E21FA91C600CC3691 /* BlogTableViewCell.xib */ = {isa = PBXFileReference; lastKnownFileType = file.xib; path = BlogTableViewCell.xib; sourceTree = "<group>"; };
		D4C3FB8121FA940100CC3691 /* TableViewCellHelper.h */ = {isa = PBXFileReference; lastKnownFileType = sourcecode.c.h; path = TableViewCellHelper.h; sourceTree = "<group>"; };
		D4C3FB8221FA940100CC3691 /* TableViewCellHelper.m */ = {isa = PBXFileReference; lastKnownFileType = sourcecode.c.objc; path = TableViewCellHelper.m; sourceTree = "<group>"; };
		D4F4998421F997D0004CEAF2 /* Demo_MVC.app */ = {isa = PBXFileReference; explicitFileType = wrapper.application; includeInIndex = 0; path = Demo_MVC.app; sourceTree = BUILT_PRODUCTS_DIR; };
		D4F4998721F997D0004CEAF2 /* AppDelegate.h */ = {isa = PBXFileReference; lastKnownFileType = sourcecode.c.h; path = AppDelegate.h; sourceTree = "<group>"; };
		D4F4998821F997D0004CEAF2 /* AppDelegate.m */ = {isa = PBXFileReference; lastKnownFileType = sourcecode.c.objc; path = AppDelegate.m; sourceTree = "<group>"; };
		D4F4998A21F997D0004CEAF2 /* ViewController.h */ = {isa = PBXFileReference; lastKnownFileType = sourcecode.c.h; path = ViewController.h; sourceTree = "<group>"; };
		D4F4998B21F997D0004CEAF2 /* ViewController.m */ = {isa = PBXFileReference; lastKnownFileType = sourcecode.c.objc; path = ViewController.m; sourceTree = "<group>"; };
		D4F4998E21F997D0004CEAF2 /* Base */ = {isa = PBXFileReference; lastKnownFileType = file.storyboard; name = Base; path = Base.lproj/Main.storyboard; sourceTree = "<group>"; };
		D4F4999021F997D2004CEAF2 /* Assets.xcassets */ = {isa = PBXFileReference; lastKnownFileType = folder.assetcatalog; path = Assets.xcassets; sourceTree = "<group>"; };
		D4F4999321F997D2004CEAF2 /* Base */ = {isa = PBXFileReference; lastKnownFileType = file.storyboard; name = Base; path = Base.lproj/LaunchScreen.storyboard; sourceTree = "<group>"; };
		D4F4999521F997D2004CEAF2 /* Info.plist */ = {isa = PBXFileReference; lastKnownFileType = text.plist.xml; path = Info.plist; sourceTree = "<group>"; };
		D4F4999621F997D2004CEAF2 /* main.m */ = {isa = PBXFileReference; lastKnownFileType = sourcecode.c.objc; path = main.m; sourceTree = "<group>"; };
		D4F4999D21F9B398004CEAF2 /* BlogTableViewHelper.h */ = {isa = PBXFileReference; lastKnownFileType = sourcecode.c.h; path = BlogTableViewHelper.h; sourceTree = "<group>"; };
		D4F4999E21F9B398004CEAF2 /* BlogTableViewHelper.m */ = {isa = PBXFileReference; lastKnownFileType = sourcecode.c.objc; path = BlogTableViewHelper.m; sourceTree = "<group>"; };
		D4F499A021F9B5AE004CEAF2 /* UserApiManager.h */ = {isa = PBXFileReference; lastKnownFileType = sourcecode.c.h; path = UserApiManager.h; sourceTree = "<group>"; };
		D4F499A121F9B5AE004CEAF2 /* UserApiManager.m */ = {isa = PBXFileReference; lastKnownFileType = sourcecode.c.objc; path = UserApiManager.m; sourceTree = "<group>"; };
/* End PBXFileReference section */

/* Begin PBXFrameworksBuildPhase section */
		D4F4998121F997D0004CEAF2 /* Frameworks */ = {
			isa = PBXFrameworksBuildPhase;
			buildActionMask = 2147483647;
			files = (
			);
			runOnlyForDeploymentPostprocessing = 0;
		};
/* End PBXFrameworksBuildPhase section */

/* Begin PBXGroup section */
		D4F4997B21F997D0004CEAF2 = {
			isa = PBXGroup;
			children = (
				D4F4998621F997D0004CEAF2 /* Demo_MVC */,
				D4F4998521F997D0004CEAF2 /* Products */,
			);
			sourceTree = "<group>";
		};
		D4F4998521F997D0004CEAF2 /* Products */ = {
			isa = PBXGroup;
			children = (
				D4F4998421F997D0004CEAF2 /* Demo_MVC.app */,
			);
			name = Products;
			sourceTree = "<group>";
		};
		D4F4998621F997D0004CEAF2 /* Demo_MVC */ = {
			isa = PBXGroup;
			children = (
				D4F4998721F997D0004CEAF2 /* AppDelegate.h */,
				D4F4998821F997D0004CEAF2 /* AppDelegate.m */,
				D4F4998A21F997D0004CEAF2 /* ViewController.h */,
				D4F4998B21F997D0004CEAF2 /* ViewController.m */,
				D4F4999D21F9B398004CEAF2 /* BlogTableViewHelper.h */,
				D4F4999E21F9B398004CEAF2 /* BlogTableViewHelper.m */,
				D4F499A021F9B5AE004CEAF2 /* UserApiManager.h */,
				D4F499A121F9B5AE004CEAF2 /* UserApiManager.m */,
				D4C3FB8121FA940100CC3691 /* TableViewCellHelper.h */,
				D4C3FB8221FA940100CC3691 /* TableViewCellHelper.m */,
				D4C3FB7C21FA91C600CC3691 /* BlogTableViewCell.h */,
				D4C3FB7D21FA91C600CC3691 /* BlogTableViewCell.m */,
				D4C3FB7E21FA91C600CC3691 /* BlogTableViewCell.xib */,
				D4F4998D21F997D0004CEAF2 /* Main.storyboard */,
				D4F4999021F997D2004CEAF2 /* Assets.xcassets */,
				D4F4999221F997D2004CEAF2 /* LaunchScreen.storyboard */,
				D4F4999521F997D2004CEAF2 /* Info.plist */,
				D4F4999621F997D2004CEAF2 /* main.m */,
			);
			path = Demo_MVC;
			sourceTree = "<group>";
		};
/* End PBXGroup section */

/* Begin PBXNativeTarget section */
		D4F4998321F997D0004CEAF2 /* Demo_MVC */ = {
			isa = PBXNativeTarget;
			buildConfigurationList = D4F4999A21F997D2004CEAF2 /* Build configuration list for PBXNativeTarget "Demo_MVC" */;
			buildPhases = (
				D4F4998021F997D0004CEAF2 /* Sources */,
				D4F4998121F997D0004CEAF2 /* Frameworks */,
				D4F4998221F997D0004CEAF2 /* Resources */,
			);
			buildRules = (
			);
			dependencies = (
			);
			name = Demo_MVC;
			productName = Demo_MVC;
			productReference = D4F4998421F997D0004CEAF2 /* Demo_MVC.app */;
			productType = "com.apple.product-type.application";
		};
/* End PBXNativeTarget section */

/* Begin PBXProject section */
		D4F4997C21F997D0004CEAF2 /* Project object */ = {
			isa = PBXProject;
			attributes = {
				LastUpgradeCheck = 1010;
				ORGANIZATIONNAME = LeeHow;
				TargetAttributes = {
					D4F4998321F997D0004CEAF2 = {
						CreatedOnToolsVersion = 10.1;
					};
				};
			};
			buildConfigurationList = D4F4997F21F997D0004CEAF2 /* Build configuration list for PBXProject "Demo_MVC" */;
			compatibilityVersion = "Xcode 9.3";
			developmentRegion = en;
			hasScannedForEncodings = 0;
			knownRegions = (
				en,
				Base,
			);
			mainGroup = D4F4997B21F997D0004CEAF2;
			productRefGroup = D4F4998521F997D0004CEAF2 /* Products */;
			projectDirPath = "";
			projectRoot = "";
			targets = (
				D4F4998321F997D0004CEAF2 /* Demo_MVC */,
			);
		};
/* End PBXProject section */

/* Begin PBXResourcesBuildPhase section */
		D4F4998221F997D0004CEAF2 /* Resources */ = {
			isa = PBXResourcesBuildPhase;
			buildActionMask = 2147483647;
			files = (
				D4F4999421F997D2004CEAF2 /* LaunchScreen.storyboard in Resources */,
				D4C3FB8021FA91C600CC3691 /* BlogTableViewCell.xib in Resources */,
				D4F4999121F997D2004CEAF2 /* Assets.xcassets in Resources */,
				D4F4998F21F997D0004CEAF2 /* Main.storyboard in Resources */,
			);
			runOnlyForDeploymentPostprocessing = 0;
		};
/* End PBXResourcesBuildPhase section */

/* Begin PBXSourcesBuildPhase section */
		D4F4998021F997D0004CEAF2 /* Sources */ = {
			isa = PBXSourcesBuildPhase;
			buildActionMask = 2147483647;
			files = (
				D4F4998C21F997D0004CEAF2 /* ViewController.m in Sources */,
				D4F499A221F9B5AE004CEAF2 /* UserApiManager.m in Sources */,
				D4F4999721F997D2004CEAF2 /* main.m in Sources */,
				D4C3FB8321FA940100CC3691 /* TableViewCellHelper.m in Sources */,
				D4C3FB7F21FA91C600CC3691 /* BlogTableViewCell.m in Sources */,
				D4F4998921F997D0004CEAF2 /* AppDelegate.m in Sources */,
				D4F4999F21F9B398004CEAF2 /* BlogTableViewHelper.m in Sources */,
			);
			runOnlyForDeploymentPostprocessing = 0;
		};
/* End PBXSourcesBuildPhase section */

/* Begin PBXVariantGroup section */
		D4F4998D21F997D0004CEAF2 /* Main.storyboard */ = {
			isa = PBXVariantGroup;
			children = (
				D4F4998E21F997D0004CEAF2 /* Base */,
			);
			name = Main.storyboard;
			sourceTree = "<group>";
		};
		D4F4999221F997D2004CEAF2 /* LaunchScreen.storyboard */ = {
			isa = PBXVariantGroup;
			children = (
				D4F4999321F997D2004CEAF2 /* Base */,
			);
			name = LaunchScreen.storyboard;
			sourceTree = "<group>";
		};
/* End PBXVariantGroup section */

/* Begin XCBuildConfiguration section */
		D4F4999821F997D2004CEAF2 /* Debug */ = {
			isa = XCBuildConfiguration;
			buildSettings = {
				ALWAYS_SEARCH_USER_PATHS = NO;
				CLANG_ANALYZER_NONNULL = YES;
				CLANG_ANALYZER_NUMBER_OBJECT_CONVERSION = YES_AGGRESSIVE;
				CLANG_CXX_LANGUAGE_STANDARD = "gnu++14";
				CLANG_CXX_LIBRARY = "libc++";
				CLANG_ENABLE_MODULES = YES;
				CLANG_ENABLE_OBJC_ARC = YES;
				CLANG_ENABLE_OBJC_WEAK = YES;
				CLANG_WARN_BLOCK_CAPTURE_AUTORELEASING = YES;
				CLANG_WARN_BOOL_CONVERSION = YES;
				CLANG_WARN_COMMA = YES;
				CLANG_WARN_CONSTANT_CONVERSION = YES;
				CLANG_WARN_DEPRECATED_OBJC_IMPLEMENTATIONS = YES;
				CLANG_WARN_DIRECT_OBJC_ISA_USAGE = YES_ERROR;
				CLANG_WARN_DOCUMENTATION_COMMENTS = YES;
				CLANG_WARN_EMPTY_BODY = YES;
				CLANG_WARN_ENUM_CONVERSION = YES;
				CLANG_WARN_INFINITE_RECURSION = YES;
				CLANG_WARN_INT_CONVERSION = YES;
				CLANG_WARN_NON_LITERAL_NULL_CONVERSION = YES;
				CLANG_WARN_OBJC_IMPLICIT_RETAIN_SELF = YES;
				CLANG_WARN_OBJC_LITERAL_CONVERSION = YES;
				CLANG_WARN_OBJC_ROOT_CLASS = YES_ERROR;
				CLANG_WARN_RANGE_LOOP_ANALYSIS = YES;
				CLANG_WARN_STRICT_PROTOTYPES = YES;
				CLANG_WARN_SUSPICIOUS_MOVE = YES;
				CLANG_WARN_UNGUARDED_AVAILABILITY = YES_AGGRESSIVE;
				CLANG_WARN_UNREACHABLE_CODE = YES;
				CLANG_WARN__DUPLICATE_METHOD_MATCH = YES;
				CODE_SIGN_IDENTITY = "iPhone Developer";
				COPY_PHASE_STRIP = NO;
				DEBUG_INFORMATION_FORMAT = dwarf;
				ENABLE_STRICT_OBJC_MSGSEND = YES;
				ENABLE_TESTABILITY = YES;
				GCC_C_LANGUAGE_STANDARD = gnu11;
				GCC_DYNAMIC_NO_PIC = NO;
				GCC_NO_COMMON_BLOCKS = YES;
				GCC_OPTIMIZATION_LEVEL = 0;
				GCC_PREPROCESSOR_DEFINITIONS = (
					"DEBUG=1",
					"$(inherited)",
				);
				GCC_WARN_64_TO_32_BIT_CONVERSION = YES;
				GCC_WARN_ABOUT_RETURN_TYPE = YES_ERROR;
				GCC_WARN_UNDECLARED_SELECTOR = YES;
				GCC_WARN_UNINITIALIZED_AUTOS = YES_AGGRESSIVE;
				GCC_WARN_UNUSED_FUNCTION = YES;
				GCC_WARN_UNUSED_VARIABLE = YES;
				IPHONEOS_DEPLOYMENT_TARGET = 12.1;
				MTL_ENABLE_DEBUG_INFO = INCLUDE_SOURCE;
				MTL_FAST_MATH = YES;
				ONLY_ACTIVE_ARCH = YES;
				SDKROOT = iphoneos;
			};
			name = Debug;
		};
		D4F4999921F997D2004CEAF2 /* Release */ = {
			isa = XCBuildConfiguration;
			buildSettings = {
				ALWAYS_SEARCH_USER_PATHS = NO;
				CLANG_ANALYZER_NONNULL = YES;
				CLANG_ANALYZER_NUMBER_OBJECT_CONVERSION = YES_AGGRESSIVE;
				CLANG_CXX_LANGUAGE_STANDARD = "gnu++14";
				CLANG_CXX_LIBRARY = "libc++";
				CLANG_ENABLE_MODULES = YES;
				CLANG_ENABLE_OBJC_ARC = YES;
				CLANG_ENABLE_OBJC_WEAK = YES;
				CLANG_WARN_BLOCK_CAPTURE_AUTORELEASING = YES;
				CLANG_WARN_BOOL_CONVERSION = YES;
				CLANG_WARN_COMMA = YES;
				CLANG_WARN_CONSTANT_CONVERSION = YES;
				CLANG_WARN_DEPRECATED_OBJC_IMPLEMENTATIONS = YES;
				CLANG_WARN_DIRECT_OBJC_ISA_USAGE = YES_ERROR;
				CLANG_WARN_DOCUMENTATION_COMMENTS = YES;
				CLANG_WARN_EMPTY_BODY = YES;
				CLANG_WARN_ENUM_CONVERSION = YES;
				CLANG_WARN_INFINITE_RECURSION = YES;
				CLANG_WARN_INT_CONVERSION = YES;
				CLANG_WARN_NON_LITERAL_NULL_CONVERSION = YES;
				CLANG_WARN_OBJC_IMPLICIT_RETAIN_SELF = YES;
				CLANG_WARN_OBJC_LITERAL_CONVERSION = YES;
				CLANG_WARN_OBJC_ROOT_CLASS = YES_ERROR;
				CLANG_WARN_RANGE_LOOP_ANALYSIS = YES;
				CLANG_WARN_STRICT_PROTOTYPES = YES;
				CLANG_WARN_SUSPICIOUS_MOVE = YES;
				CLANG_WARN_UNGUARDED_AVAILABILITY = YES_AGGRESSIVE;
				CLANG_WARN_UNREACHABLE_CODE = YES;
				CLANG_WARN__DUPLICATE_METHOD_MATCH = YES;
				CODE_SIGN_IDENTITY = "iPhone Developer";
				COPY_PHASE_STRIP = NO;
				DEBUG_INFORMATION_FORMAT = "dwarf-with-dsym";
				ENABLE_NS_ASSERTIONS = NO;
				ENABLE_STRICT_OBJC_MSGSEND = YES;
				GCC_C_LANGUAGE_STANDARD = gnu11;
				GCC_NO_COMMON_BLOCKS = YES;
				GCC_WARN_64_TO_32_BIT_CONVERSION = YES;
				GCC_WARN_ABOUT_RETURN_TYPE = YES_ERROR;
				GCC_WARN_UNDECLARED_SELECTOR = YES;
				GCC_WARN_UNINITIALIZED_AUTOS = YES_AGGRESSIVE;
				GCC_WARN_UNUSED_FUNCTION = YES;
				GCC_WARN_UNUSED_VARIABLE = YES;
				IPHONEOS_DEPLOYMENT_TARGET = 12.1;
				MTL_ENABLE_DEBUG_INFO = NO;
				MTL_FAST_MATH = YES;
				SDKROOT = iphoneos;
				VALIDATE_PRODUCT = YES;
			};
			name = Release;
		};
		D4F4999B21F997D2004CEAF2 /* Debug */ = {
			isa = XCBuildConfiguration;
			buildSettings = {
				ASSETCATALOG_COMPILER_APPICON_NAME = AppIcon;
				CODE_SIGN_STYLE = Automatic;
				INFOPLIST_FILE = Demo_MVC/Info.plist;
				LD_RUNPATH_SEARCH_PATHS = (
					"$(inherited)",
					"@executable_path/Frameworks",
				);
				PRODUCT_BUNDLE_IDENTIFIER = "com.FiberHome.Demo-MVC";
				PRODUCT_NAME = "$(TARGET_NAME)";
				TARGETED_DEVICE_FAMILY = "1,2";
			};
			name = Debug;
		};
		D4F4999C21F997D2004CEAF2 /* Release */ = {
			isa = XCBuildConfiguration;
			buildSettings = {
				ASSETCATALOG_COMPILER_APPICON_NAME = AppIcon;
				CODE_SIGN_STYLE = Automatic;
				INFOPLIST_FILE = Demo_MVC/Info.plist;
				LD_RUNPATH_SEARCH_PATHS = (
					"$(inherited)",
					"@executable_path/Frameworks",
				);
				PRODUCT_BUNDLE_IDENTIFIER = "com.FiberHome.Demo-MVC";
				PRODUCT_NAME = "$(TARGET_NAME)";
				TARGETED_DEVICE_FAMILY = "1,2";
			};
			name = Release;
		};
/* End XCBuildConfiguration section */

/* Begin XCConfigurationList section */
		D4F4997F21F997D0004CEAF2 /* Build configuration list for PBXProject "Demo_MVC" */ = {
			isa = XCConfigurationList;
			buildConfigurations = (
				D4F4999821F997D2004CEAF2 /* Debug */,
				D4F4999921F997D2004CEAF2 /* Release */,
			);
			defaultConfigurationIsVisible = 0;
			defaultConfigurationName = Release;
		};
		D4F4999A21F997D2004CEAF2 /* Build configuration list for PBXNativeTarget "Demo_MVC" */ = {
			isa = XCConfigurationList;
			buildConfigurations = (
				D4F4999B21F997D2004CEAF2 /* Debug */,
				D4F4999C21F997D2004CEAF2 /* Release */,
			);
			defaultConfigurationIsVisible = 0;
			defaultConfigurationName = Release;
		};
/* End XCConfigurationList section */
	};
	rootObject = D4F4997C21F997D0004CEAF2 /* Project object */;
}
